// !$*UTF8*$!
{
	archiveVersion = 1;
	classes = {
	};
	objectVersion = 77;
	objects = {

/* Begin PBXContainerItemProxy section */
		A98168772D77564C0015E725 /* PBXContainerItemProxy */ = {
			isa = PBXContainerItemProxy;
			containerPortal = A981685E2D77564C0015E725 /* Project object */;
			proxyType = 1;
			remoteGlobalIDString = A98168652D77564C0015E725;
			remoteInfo = sportsx_business;
		};
		A98168812D77564C0015E725 /* PBXContainerItemProxy */ = {
			isa = PBXContainerItemProxy;
			containerPortal = A981685E2D77564C0015E725 /* Project object */;
			proxyType = 1;
			remoteGlobalIDString = A98168652D77564C0015E725;
			remoteInfo = sportsx_business;
		};
/* End PBXContainerItemProxy section */

/* Begin PBXFileReference section */
		A98168662D77564C0015E725 /* sportsx_business.app */ = {isa = PBXFileReference; explicitFileType = wrapper.application; includeInIndex = 0; path = sportsx_business.app; sourceTree = BUILT_PRODUCTS_DIR; };
		A98168762D77564C0015E725 /* sportsx_businessTests.xctest */ = {isa = PBXFileReference; explicitFileType = wrapper.cfbundle; includeInIndex = 0; path = sportsx_businessTests.xctest; sourceTree = BUILT_PRODUCTS_DIR; };
		A98168802D77564C0015E725 /* sportsx_businessUITests.xctest */ = {isa = PBXFileReference; explicitFileType = wrapper.cfbundle; includeInIndex = 0; path = sportsx_businessUITests.xctest; sourceTree = BUILT_PRODUCTS_DIR; };
/* End PBXFileReference section */

/* Begin PBXFileSystemSynchronizedRootGroup section */
		A98168682D77564C0015E725 /* sportsx_business */ = {
			isa = PBXFileSystemSynchronizedRootGroup;
			path = sportsx_business;
			sourceTree = "<group>";
		};
		A98168792D77564C0015E725 /* sportsx_businessTests */ = {
			isa = PBXFileSystemSynchronizedRootGroup;
			path = sportsx_businessTests;
			sourceTree = "<group>";
		};
		A98168832D77564C0015E725 /* sportsx_businessUITests */ = {
			isa = PBXFileSystemSynchronizedRootGroup;
			path = sportsx_businessUITests;
			sourceTree = "<group>";
		};
/* End PBXFileSystemSynchronizedRootGroup section */

/* Begin PBXFrameworksBuildPhase section */
		A98168632D77564C0015E725 /* Frameworks */ = {
			isa = PBXFrameworksBuildPhase;
			buildActionMask = 2147483647;
			files = (
			);
			runOnlyForDeploymentPostprocessing = 0;
		};
		A98168732D77564C0015E725 /* Frameworks */ = {
			isa = PBXFrameworksBuildPhase;
			buildActionMask = 2147483647;
			files = (
			);
			runOnlyForDeploymentPostprocessing = 0;
		};
		A981687D2D77564C0015E725 /* Frameworks */ = {
			isa = PBXFrameworksBuildPhase;
			buildActionMask = 2147483647;
			files = (
			);
			runOnlyForDeploymentPostprocessing = 0;
		};
/* End PBXFrameworksBuildPhase section */

/* Begin PBXGroup section */
		A981685D2D77564C0015E725 = {
			isa = PBXGroup;
			children = (
				A98168682D77564C0015E725 /* sportsx_business */,
				A98168792D77564C0015E725 /* sportsx_businessTests */,
				A98168832D77564C0015E725 /* sportsx_businessUITests */,
				A98168672D77564C0015E725 /* Products */,
			);
			sourceTree = "<group>";
		};
		A98168672D77564C0015E725 /* Products */ = {
			isa = PBXGroup;
			children = (
				A98168662D77564C0015E725 /* sportsx_business.app */,
				A98168762D77564C0015E725 /* sportsx_businessTests.xctest */,
				A98168802D77564C0015E725 /* sportsx_businessUITests.xctest */,
			);
			name = Products;
			sourceTree = "<group>";
		};
/* End PBXGroup section */

/* Begin PBXNativeTarget section */
		A98168652D77564C0015E725 /* sportsx_business */ = {
			isa = PBXNativeTarget;
			buildConfigurationList = A981688A2D77564C0015E725 /* Build configuration list for PBXNativeTarget "sportsx_business" */;
			buildPhases = (
				A98168622D77564C0015E725 /* Sources */,
				A98168632D77564C0015E725 /* Frameworks */,
				A98168642D77564C0015E725 /* Resources */,
			);
			buildRules = (
			);
			dependencies = (
			);
			fileSystemSynchronizedGroups = (
				A98168682D77564C0015E725 /* sportsx_business */,
			);
			name = sportsx_business;
			packageProductDependencies = (
			);
			productName = sportsx_business;
			productReference = A98168662D77564C0015E725 /* sportsx_business.app */;
			productType = "com.apple.product-type.application";
		};
		A98168752D77564C0015E725 /* sportsx_businessTests */ = {
			isa = PBXNativeTarget;
			buildConfigurationList = A981688D2D77564C0015E725 /* Build configuration list for PBXNativeTarget "sportsx_businessTests" */;
			buildPhases = (
				A98168722D77564C0015E725 /* Sources */,
				A98168732D77564C0015E725 /* Frameworks */,
				A98168742D77564C0015E725 /* Resources */,
			);
			buildRules = (
			);
			dependencies = (
				A98168782D77564C0015E725 /* PBXTargetDependency */,
			);
			fileSystemSynchronizedGroups = (
				A98168792D77564C0015E725 /* sportsx_businessTests */,
			);
			name = sportsx_businessTests;
			packageProductDependencies = (
			);
			productName = sportsx_businessTests;
			productReference = A98168762D77564C0015E725 /* sportsx_businessTests.xctest */;
			productType = "com.apple.product-type.bundle.unit-test";
		};
		A981687F2D77564C0015E725 /* sportsx_businessUITests */ = {
			isa = PBXNativeTarget;
			buildConfigurationList = A98168902D77564C0015E725 /* Build configuration list for PBXNativeTarget "sportsx_businessUITests" */;
			buildPhases = (
				A981687C2D77564C0015E725 /* Sources */,
				A981687D2D77564C0015E725 /* Frameworks */,
				A981687E2D77564C0015E725 /* Resources */,
			);
			buildRules = (
			);
			dependencies = (
				A98168822D77564C0015E725 /* PBXTargetDependency */,
			);
			fileSystemSynchronizedGroups = (
				A98168832D77564C0015E725 /* sportsx_businessUITests */,
			);
			name = sportsx_businessUITests;
			packageProductDependencies = (
			);
			productName = sportsx_businessUITests;
			productReference = A98168802D77564C0015E725 /* sportsx_businessUITests.xctest */;
			productType = "com.apple.product-type.bundle.ui-testing";
		};
/* End PBXNativeTarget section */

/* Begin PBXProject section */
		A981685E2D77564C0015E725 /* Project object */ = {
			isa = PBXProject;
			attributes = {
				BuildIndependentTargetsInParallel = 1;
				LastSwiftUpdateCheck = 1620;
				LastUpgradeCheck = 1620;
				TargetAttributes = {
					A98168652D77564C0015E725 = {
						CreatedOnToolsVersion = 16.2;
					};
					A98168752D77564C0015E725 = {
						CreatedOnToolsVersion = 16.2;
						TestTargetID = A98168652D77564C0015E725;
					};
					A981687F2D77564C0015E725 = {
						CreatedOnToolsVersion = 16.2;
						TestTargetID = A98168652D77564C0015E725;
					};
				};
			};
			buildConfigurationList = A98168612D77564C0015E725 /* Build configuration list for PBXProject "sportsx_business" */;
			developmentRegion = en;
			hasScannedForEncodings = 0;
			knownRegions = (
				en,
				Base,
			);
			mainGroup = A981685D2D77564C0015E725;
			minimizedProjectReferenceProxies = 1;
			preferredProjectObjectVersion = 77;
			productRefGroup = A98168672D77564C0015E725 /* Products */;
			projectDirPath = "";
			projectRoot = "";
			targets = (
				A98168652D77564C0015E725 /* sportsx_business */,
				A98168752D77564C0015E725 /* sportsx_businessTests */,
				A981687F2D77564C0015E725 /* sportsx_businessUITests */,
			);
		};
/* End PBXProject section */

/* Begin PBXResourcesBuildPhase section */
		A98168642D77564C0015E725 /* Resources */ = {
			isa = PBXResourcesBuildPhase;
			buildActionMask = 2147483647;
			files = (
			);
			runOnlyForDeploymentPostprocessing = 0;
		};
		A98168742D77564C0015E725 /* Resources */ = {
			isa = PBXResourcesBuildPhase;
			buildActionMask = 2147483647;
			files = (
			);
			runOnlyForDeploymentPostprocessing = 0;
		};
		A981687E2D77564C0015E725 /* Resources */ = {
			isa = PBXResourcesBuildPhase;
			buildActionMask = 2147483647;
			files = (
			);
			runOnlyForDeploymentPostprocessing = 0;
		};
/* End PBXResourcesBuildPhase section */

/* Begin PBXSourcesBuildPhase section */
		A98168622D77564C0015E725 /* Sources */ = {
			isa = PBXSourcesBuildPhase;
			buildActionMask = 2147483647;
			files = (
			);
			runOnlyForDeploymentPostprocessing = 0;
		};
		A98168722D77564C0015E725 /* Sources */ = {
			isa = PBXSourcesBuildPhase;
			buildActionMask = 2147483647;
			files = (
			);
			runOnlyForDeploymentPostprocessing = 0;
		};
		A981687C2D77564C0015E725 /* Sources */ = {
			isa = PBXSourcesBuildPhase;
			buildActionMask = 2147483647;
			files = (
			);
			runOnlyForDeploymentPostprocessing = 0;
		};
/* End PBXSourcesBuildPhase section */

/* Begin PBXTargetDependency section */
		A98168782D77564C0015E725 /* PBXTargetDependency */ = {
			isa = PBXTargetDependency;
			target = A98168652D77564C0015E725 /* sportsx_business */;
			targetProxy = A98168772D77564C0015E725 /* PBXContainerItemProxy */;
		};
		A98168822D77564C0015E725 /* PBXTargetDependency */ = {
			isa = PBXTargetDependency;
			target = A98168652D77564C0015E725 /* sportsx_business */;
			targetProxy = A98168812D77564C0015E725 /* PBXContainerItemProxy */;
		};
/* End PBXTargetDependency section */

/* Begin XCBuildConfiguration section */
		A98168882D77564C0015E725 /* Debug */ = {
			isa = XCBuildConfiguration;
			buildSettings = {
				ALWAYS_SEARCH_USER_PATHS = NO;
				ASSETCATALOG_COMPILER_GENERATE_SWIFT_ASSET_SYMBOL_EXTENSIONS = YES;
				CLANG_ANALYZER_NONNULL = YES;
				CLANG_ANALYZER_NUMBER_OBJECT_CONVERSION = YES_AGGRESSIVE;
				CLANG_CXX_LANGUAGE_STANDARD = "gnu++20";
				CLANG_ENABLE_MODULES = YES;
				CLANG_ENABLE_OBJC_ARC = YES;
				CLANG_ENABLE_OBJC_WEAK = YES;
				CLANG_WARN_BLOCK_CAPTURE_AUTORELEASING = YES;
				CLANG_WARN_BOOL_CONVERSION = YES;
				CLANG_WARN_COMMA = YES;
				CLANG_WARN_CONSTANT_CONVERSION = YES;
				CLANG_WARN_DEPRECATED_OBJC_IMPLEMENTATIONS = YES;
				CLANG_WARN_DIRECT_OBJC_ISA_USAGE = YES_ERROR;
				CLANG_WARN_DOCUMENTATION_COMMENTS = YES;
				CLANG_WARN_EMPTY_BODY = YES;
				CLANG_WARN_ENUM_CONVERSION = YES;
				CLANG_WARN_INFINITE_RECURSION = YES;
				CLANG_WARN_INT_CONVERSION = YES;
				CLANG_WARN_NON_LITERAL_NULL_CONVERSION = YES;
				CLANG_WARN_OBJC_IMPLICIT_RETAIN_SELF = YES;
				CLANG_WARN_OBJC_LITERAL_CONVERSION = YES;
				CLANG_WARN_OBJC_ROOT_CLASS = YES_ERROR;
				CLANG_WARN_QUOTED_INCLUDE_IN_FRAMEWORK_HEADER = YES;
				CLANG_WARN_RANGE_LOOP_ANALYSIS = YES;
				CLANG_WARN_STRICT_PROTOTYPES = YES;
				CLANG_WARN_SUSPICIOUS_MOVE = YES;
				CLANG_WARN_UNGUARDED_AVAILABILITY = YES_AGGRESSIVE;
				CLANG_WARN_UNREACHABLE_CODE = YES;
				CLANG_WARN__DUPLICATE_METHOD_MATCH = YES;
				COPY_PHASE_STRIP = NO;
				DEBUG_INFORMATION_FORMAT = dwarf;
				ENABLE_STRICT_OBJC_MSGSEND = YES;
				ENABLE_TESTABILITY = YES;
				ENABLE_USER_SCRIPT_SANDBOXING = YES;
				GCC_C_LANGUAGE_STANDARD = gnu17;
				GCC_DYNAMIC_NO_PIC = NO;
				GCC_NO_COMMON_BLOCKS = YES;
				GCC_OPTIMIZATION_LEVEL = 0;
				GCC_PREPROCESSOR_DEFINITIONS = (
					"DEBUG=1",
					"$(inherited)",
				);
				GCC_WARN_64_TO_32_BIT_CONVERSION = YES;
				GCC_WARN_ABOUT_RETURN_TYPE = YES_ERROR;
				GCC_WARN_UNDECLARED_SELECTOR = YES;
				GCC_WARN_UNINITIALIZED_AUTOS = YES_AGGRESSIVE;
				GCC_WARN_UNUSED_FUNCTION = YES;
				GCC_WARN_UNUSED_VARIABLE = YES;
				IPHONEOS_DEPLOYMENT_TARGET = 18.2;
				LOCALIZATION_PREFERS_STRING_CATALOGS = YES;
				MTL_ENABLE_DEBUG_INFO = INCLUDE_SOURCE;
				MTL_FAST_MATH = YES;
				ONLY_ACTIVE_ARCH = YES;
				SDKROOT = iphoneos;
				SWIFT_ACTIVE_COMPILATION_CONDITIONS = "DEBUG $(inherited)";
				SWIFT_OPTIMIZATION_LEVEL = "-Onone";
			};
			name = Debug;
		};
		A98168892D77564C0015E725 /* Release */ = {
			isa = XCBuildConfiguration;
			buildSettings = {
				ALWAYS_SEARCH_USER_PATHS = NO;
				ASSETCATALOG_COMPILER_GENERATE_SWIFT_ASSET_SYMBOL_EXTENSIONS = YES;
				CLANG_ANALYZER_NONNULL = YES;
				CLANG_ANALYZER_NUMBER_OBJECT_CONVERSION = YES_AGGRESSIVE;
				CLANG_CXX_LANGUAGE_STANDARD = "gnu++20";
				CLANG_ENABLE_MODULES = YES;
				CLANG_ENABLE_OBJC_ARC = YES;
				CLANG_ENABLE_OBJC_WEAK = YES;
				CLANG_WARN_BLOCK_CAPTURE_AUTORELEASING = YES;
				CLANG_WARN_BOOL_CONVERSION = YES;
				CLANG_WARN_COMMA = YES;
				CLANG_WARN_CONSTANT_CONVERSION = YES;
				CLANG_WARN_DEPRECATED_OBJC_IMPLEMENTATIONS = YES;
				CLANG_WARN_DIRECT_OBJC_ISA_USAGE = YES_ERROR;
				CLANG_WARN_DOCUMENTATION_COMMENTS = YES;
				CLANG_WARN_EMPTY_BODY = YES;
				CLANG_WARN_ENUM_CONVERSION = YES;
				CLANG_WARN_INFINITE_RECURSION = YES;
				CLANG_WARN_INT_CONVERSION = YES;
				CLANG_WARN_NON_LITERAL_NULL_CONVERSION = YES;
				CLANG_WARN_OBJC_IMPLICIT_RETAIN_SELF = YES;
				CLANG_WARN_OBJC_LITERAL_CONVERSION = YES;
				CLANG_WARN_OBJC_ROOT_CLASS = YES_ERROR;
				CLANG_WARN_QUOTED_INCLUDE_IN_FRAMEWORK_HEADER = YES;
				CLANG_WARN_RANGE_LOOP_ANALYSIS = YES;
				CLANG_WARN_STRICT_PROTOTYPES = YES;
				CLANG_WARN_SUSPICIOUS_MOVE = YES;
				CLANG_WARN_UNGUARDED_AVAILABILITY = YES_AGGRESSIVE;
				CLANG_WARN_UNREACHABLE_CODE = YES;
				CLANG_WARN__DUPLICATE_METHOD_MATCH = YES;
				COPY_PHASE_STRIP = NO;
				DEBUG_INFORMATION_FORMAT = "dwarf-with-dsym";
				ENABLE_NS_ASSERTIONS = NO;
				ENABLE_STRICT_OBJC_MSGSEND = YES;
				ENABLE_USER_SCRIPT_SANDBOXING = YES;
				GCC_C_LANGUAGE_STANDARD = gnu17;
				GCC_NO_COMMON_BLOCKS = YES;
				GCC_WARN_64_TO_32_BIT_CONVERSION = YES;
				GCC_WARN_ABOUT_RETURN_TYPE = YES_ERROR;
				GCC_WARN_UNDECLARED_SELECTOR = YES;
				GCC_WARN_UNINITIALIZED_AUTOS = YES_AGGRESSIVE;
				GCC_WARN_UNUSED_FUNCTION = YES;
				GCC_WARN_UNUSED_VARIABLE = YES;
				IPHONEOS_DEPLOYMENT_TARGET = 18.2;
				LOCALIZATION_PREFERS_STRING_CATALOGS = YES;
				MTL_ENABLE_DEBUG_INFO = NO;
				MTL_FAST_MATH = YES;
				SDKROOT = iphoneos;
				SWIFT_COMPILATION_MODE = wholemodule;
				VALIDATE_PRODUCT = YES;
			};
			name = Release;
		};
		A981688B2D77564C0015E725 /* Debug */ = {
			isa = XCBuildConfiguration;
			buildSettings = {
				ASSETCATALOG_COMPILER_APPICON_NAME = AppIcon;
				ASSETCATALOG_COMPILER_GLOBAL_ACCENT_COLOR_NAME = AccentColor;
				CODE_SIGN_STYLE = Automatic;
				CURRENT_PROJECT_VERSION = 1;
				DEVELOPMENT_ASSET_PATHS = "\"sportsx_business/Preview Content\"";
				DEVELOPMENT_TEAM = A6GB95MUY4;
				ENABLE_PREVIEWS = YES;
				GENERATE_INFOPLIST_FILE = YES;
				INFOPLIST_KEY_UIApplicationSceneManifest_Generation = YES;
				INFOPLIST_KEY_UIApplicationSupportsIndirectInputEvents = YES;
				INFOPLIST_KEY_UILaunchScreen_Generation = YES;
				INFOPLIST_KEY_UISupportedInterfaceOrientations_iPad = "UIInterfaceOrientationPortrait UIInterfaceOrientationPortraitUpsideDown UIInterfaceOrientationLandscapeLeft UIInterfaceOrientationLandscapeRight";
				INFOPLIST_KEY_UISupportedInterfaceOrientations_iPhone = "UIInterfaceOrientationPortrait UIInterfaceOrientationLandscapeLeft UIInterfaceOrientationLandscapeRight";
				LD_RUNPATH_SEARCH_PATHS = (
					"$(inherited)",
					"@executable_path/Frameworks",
				);
				MARKETING_VERSION = 1.0;
				PRODUCT_BUNDLE_IDENTIFIER = "renjie.sportsx-business";
				PRODUCT_NAME = "$(TARGET_NAME)";
				SWIFT_EMIT_LOC_STRINGS = YES;
				SWIFT_VERSION = 5.0;
				TARGETED_DEVICE_FAMILY = "1,2";
			};
			name = Debug;
		};
		A981688C2D77564C0015E725 /* Release */ = {
			isa = XCBuildConfiguration;
			buildSettings = {
				ASSETCATALOG_COMPILER_APPICON_NAME = AppIcon;
				ASSETCATALOG_COMPILER_GLOBAL_ACCENT_COLOR_NAME = AccentColor;
				CODE_SIGN_STYLE = Automatic;
				CURRENT_PROJECT_VERSION = 1;
				DEVELOPMENT_ASSET_PATHS = "\"sportsx_business/Preview Content\"";
				DEVELOPMENT_TEAM = A6GB95MUY4;
				ENABLE_PREVIEWS = YES;
				GENERATE_INFOPLIST_FILE = YES;
				INFOPLIST_KEY_UIApplicationSceneManifest_Generation = YES;
				INFOPLIST_KEY_UIApplicationSupportsIndirectInputEvents = YES;
				INFOPLIST_KEY_UILaunchScreen_Generation = YES;
				INFOPLIST_KEY_UISupportedInterfaceOrientations_iPad = "UIInterfaceOrientationPortrait UIInterfaceOrientationPortraitUpsideDown UIInterfaceOrientationLandscapeLeft UIInterfaceOrientationLandscapeRight";
				INFOPLIST_KEY_UISupportedInterfaceOrientations_iPhone = "UIInterfaceOrientationPortrait UIInterfaceOrientationLandscapeLeft UIInterfaceOrientationLandscapeRight";
				LD_RUNPATH_SEARCH_PATHS = (
					"$(inherited)",
					"@executable_path/Frameworks",
				);
				MARKETING_VERSION = 1.0;
				PRODUCT_BUNDLE_IDENTIFIER = "renjie.sportsx-business";
				PRODUCT_NAME = "$(TARGET_NAME)";
				SWIFT_EMIT_LOC_STRINGS = YES;
				SWIFT_VERSION = 5.0;
				TARGETED_DEVICE_FAMILY = "1,2";
			};
			name = Release;
		};
		A981688E2D77564C0015E725 /* Debug */ = {
			isa = XCBuildConfiguration;
			buildSettings = {
				BUNDLE_LOADER = "$(TEST_HOST)";
				CODE_SIGN_STYLE = Automatic;
				CURRENT_PROJECT_VERSION = 1;
				DEVELOPMENT_TEAM = A6GB95MUY4;
				GENERATE_INFOPLIST_FILE = YES;
				IPHONEOS_DEPLOYMENT_TARGET = 18.2;
				MARKETING_VERSION = 1.0;
				PRODUCT_BUNDLE_IDENTIFIER = "renjie.sportsx-businessTests";
				PRODUCT_NAME = "$(TARGET_NAME)";
				SWIFT_EMIT_LOC_STRINGS = NO;
				SWIFT_VERSION = 5.0;
				TARGETED_DEVICE_FAMILY = "1,2";
				TEST_HOST = "$(BUILT_PRODUCTS_DIR)/sportsx_business.app/$(BUNDLE_EXECUTABLE_FOLDER_PATH)/sportsx_business";
			};
			name = Debug;
		};
		A981688F2D77564C0015E725 /* Release */ = {
			isa = XCBuildConfiguration;
			buildSettings = {
				BUNDLE_LOADER = "$(TEST_HOST)";
				CODE_SIGN_STYLE = Automatic;
				CURRENT_PROJECT_VERSION = 1;
				DEVELOPMENT_TEAM = A6GB95MUY4;
				GENERATE_INFOPLIST_FILE = YES;
				IPHONEOS_DEPLOYMENT_TARGET = 18.2;
				MARKETING_VERSION = 1.0;
				PRODUCT_BUNDLE_IDENTIFIER = "renjie.sportsx-businessTests";
				PRODUCT_NAME = "$(TARGET_NAME)";
				SWIFT_EMIT_LOC_STRINGS = NO;
				SWIFT_VERSION = 5.0;
				TARGETED_DEVICE_FAMILY = "1,2";
				TEST_HOST = "$(BUILT_PRODUCTS_DIR)/sportsx_business.app/$(BUNDLE_EXECUTABLE_FOLDER_PATH)/sportsx_business";
			};
			name = Release;
		};
		A98168912D77564C0015E725 /* Debug */ = {
			isa = XCBuildConfiguration;
			buildSettings = {
				CODE_SIGN_STYLE = Automatic;
				CURRENT_PROJECT_VERSION = 1;
				DEVELOPMENT_TEAM = A6GB95MUY4;
				GENERATE_INFOPLIST_FILE = YES;
				MARKETING_VERSION = 1.0;
				PRODUCT_BUNDLE_IDENTIFIER = "renjie.sportsx-businessUITests";
				PRODUCT_NAME = "$(TARGET_NAME)";
				SWIFT_EMIT_LOC_STRINGS = NO;
				SWIFT_VERSION = 5.0;
				TARGETED_DEVICE_FAMILY = "1,2";
				TEST_TARGET_NAME = sportsx_business;
			};
			name = Debug;
		};
		A98168922D77564C0015E725 /* Release */ = {
			isa = XCBuildConfiguration;
			buildSettings = {
				CODE_SIGN_STYLE = Automatic;
				CURRENT_PROJECT_VERSION = 1;
				DEVELOPMENT_TEAM = A6GB95MUY4;
				GENERATE_INFOPLIST_FILE = YES;
				MARKETING_VERSION = 1.0;
				PRODUCT_BUNDLE_IDENTIFIER = "renjie.sportsx-businessUITests";
				PRODUCT_NAME = "$(TARGET_NAME)";
				SWIFT_EMIT_LOC_STRINGS = NO;
				SWIFT_VERSION = 5.0;
				TARGETED_DEVICE_FAMILY = "1,2";
				TEST_TARGET_NAME = sportsx_business;
			};
			name = Release;
		};
/* End XCBuildConfiguration section */

/* Begin XCConfigurationList section */
		A98168612D77564C0015E725 /* Build configuration list for PBXProject "sportsx_business" */ = {
			isa = XCConfigurationList;
			buildConfigurations = (
				A98168882D77564C0015E725 /* Debug */,
				A98168892D77564C0015E725 /* Release */,
			);
			defaultConfigurationIsVisible = 0;
			defaultConfigurationName = Release;
		};
		A981688A2D77564C0015E725 /* Build configuration list for PBXNativeTarget "sportsx_business" */ = {
			isa = XCConfigurationList;
			buildConfigurations = (
				A981688B2D77564C0015E725 /* Debug */,
				A981688C2D77564C0015E725 /* Release */,
			);
			defaultConfigurationIsVisible = 0;
			defaultConfigurationName = Release;
		};
		A981688D2D77564C0015E725 /* Build configuration list for PBXNativeTarget "sportsx_businessTests" */ = {
			isa = XCConfigurationList;
			buildConfigurations = (
				A981688E2D77564C0015E725 /* Debug */,
				A981688F2D77564C0015E725 /* Release */,
			);
			defaultConfigurationIsVisible = 0;
			defaultConfigurationName = Release;
		};
		A98168902D77564C0015E725 /* Build configuration list for PBXNativeTarget "sportsx_businessUITests" */ = {
			isa = XCConfigurationList;
			buildConfigurations = (
				A98168912D77564C0015E725 /* Debug */,
				A98168922D77564C0015E725 /* Release */,
			);
			defaultConfigurationIsVisible = 0;
			defaultConfigurationName = Release;
		};
/* End XCConfigurationList section */
	};
	rootObject = A981685E2D77564C0015E725 /* Project object */;
}
